
Microsoft Visual Studio Solution File, Format Version 12.00
# Visual Studio 2012
Project("{FAE04EC0-301F-11D3-BF4B-00C04F79EFBC}") = "Entidades", "Graziano.Julian-TP1\Entidades.csproj", "{B5674FD5-7A9D-4232-9FF4-36760962BB4D}"
EndProject
Project("{FAE04EC0-301F-11D3-BF4B-00C04F79EFBC}") = "MiCalculadora", "MiCalculadora\MiCalculadora.csproj", "{A1EB1CA1-8929-4C7A-A201-CA34F5819EAE}"
EndProject
Global
	GlobalSection(SolutionConfigurationPlatforms) = preSolution
		Debug|Any CPU = Debug|Any CPU
		Release|Any CPU = Release|Any CPU
	EndGlobalSection
	GlobalSection(ProjectConfigurationPlatforms) = postSolution
		{B5674FD5-7A9D-4232-9FF4-36760962BB4D}.Debug|Any CPU.ActiveCfg = Debug|Any CPU
		{B5674FD5-7A9D-4232-9FF4-36760962BB4D}.Debug|Any CPU.Build.0 = Debug|Any CPU
		{B5674FD5-7A9D-4232-9FF4-36760962BB4D}.Release|Any CPU.ActiveCfg = Release|Any CPU
		{B5674FD5-7A9D-4232-9FF4-36760962BB4D}.Release|Any CPU.Build.0 = Release|Any CPU
		{A1EB1CA1-8929-4C7A-A201-CA34F5819EAE}.Debug|Any CPU.ActiveCfg = Debug|Any CPU
		{A1EB1CA1-8929-4C7A-A201-CA34F5819EAE}.Debug|Any CPU.Build.0 = Debug|Any CPU
		{A1EB1CA1-8929-4C7A-A201-CA34F5819EAE}.Release|Any CPU.ActiveCfg = Release|Any CPU
		{A1EB1CA1-8929-4C7A-A201-CA34F5819EAE}.Release|Any CPU.Build.0 = Release|Any CPU
	EndGlobalSection
	GlobalSection(SolutionProperties) = preSolution
		HideSolutionNode = FALSE
	EndGlobalSection
EndGlobal
